
Microsoft Visual Studio Solution File, Format Version 12.00
# Visual Studio 15
VisualStudioVersion = 15.0.26124.0
MinimumVisualStudioVersion = 15.0.26124.0
Project("{FAE04EC0-301F-11D3-BF4B-00C04F79EFBC}") = "Domain", "Domain\Domain.csproj", "{A321BC9E-4860-4DBA-9A91-EBA02F3342CA}"
EndProject
Project("{FAE04EC0-301F-11D3-BF4B-00C04F79EFBC}") = "Application", "Application\Application.csproj", "{81E2DDD0-5E18-44C5-B148-9551BD1388D6}"
EndProject
Project("{FAE04EC0-301F-11D3-BF4B-00C04F79EFBC}") = "Persistance", "Persistance\Persistance.csproj", "{8DDB5A68-0C30-457A-B2CC-495F6FF3849A}"
EndProject
Project("{FAE04EC0-301F-11D3-BF4B-00C04F79EFBC}") = "API", "API\API.csproj", "{66BF6202-0997-468E-A7D5-FC8508A49878}"
EndProject
Global
	GlobalSection(SolutionConfigurationPlatforms) = preSolution
		Debug|Any CPU = Debug|Any CPU
		Debug|x64 = Debug|x64
		Debug|x86 = Debug|x86
		Release|Any CPU = Release|Any CPU
		Release|x64 = Release|x64
		Release|x86 = Release|x86
	EndGlobalSection
	GlobalSection(SolutionProperties) = preSolution
		HideSolutionNode = FALSE
	EndGlobalSection
	GlobalSection(ProjectConfigurationPlatforms) = postSolution
		{A321BC9E-4860-4DBA-9A91-EBA02F3342CA}.Debug|Any CPU.ActiveCfg = Debug|Any CPU
		{A321BC9E-4860-4DBA-9A91-EBA02F3342CA}.Debug|Any CPU.Build.0 = Debug|Any CPU
		{A321BC9E-4860-4DBA-9A91-EBA02F3342CA}.Debug|x64.ActiveCfg = Debug|Any CPU
		{A321BC9E-4860-4DBA-9A91-EBA02F3342CA}.Debug|x64.Build.0 = Debug|Any CPU
		{A321BC9E-4860-4DBA-9A91-EBA02F3342CA}.Debug|x86.ActiveCfg = Debug|Any CPU
		{A321BC9E-4860-4DBA-9A91-EBA02F3342CA}.Debug|x86.Build.0 = Debug|Any CPU
		{A321BC9E-4860-4DBA-9A91-EBA02F3342CA}.Release|Any CPU.ActiveCfg = Release|Any CPU
		{A321BC9E-4860-4DBA-9A91-EBA02F3342CA}.Release|Any CPU.Build.0 = Release|Any CPU
		{A321BC9E-4860-4DBA-9A91-EBA02F3342CA}.Release|x64.ActiveCfg = Release|Any CPU
		{A321BC9E-4860-4DBA-9A91-EBA02F3342CA}.Release|x64.Build.0 = Release|Any CPU
		{A321BC9E-4860-4DBA-9A91-EBA02F3342CA}.Release|x86.ActiveCfg = Release|Any CPU
		{A321BC9E-4860-4DBA-9A91-EBA02F3342CA}.Release|x86.Build.0 = Release|Any CPU
		{81E2DDD0-5E18-44C5-B148-9551BD1388D6}.Debug|Any CPU.ActiveCfg = Debug|Any CPU
		{81E2DDD0-5E18-44C5-B148-9551BD1388D6}.Debug|Any CPU.Build.0 = Debug|Any CPU
		{81E2DDD0-5E18-44C5-B148-9551BD1388D6}.Debug|x64.ActiveCfg = Debug|Any CPU
		{81E2DDD0-5E18-44C5-B148-9551BD1388D6}.Debug|x64.Build.0 = Debug|Any CPU
		{81E2DDD0-5E18-44C5-B148-9551BD1388D6}.Debug|x86.ActiveCfg = Debug|Any CPU
		{81E2DDD0-5E18-44C5-B148-9551BD1388D6}.Debug|x86.Build.0 = Debug|Any CPU
		{81E2DDD0-5E18-44C5-B148-9551BD1388D6}.Release|Any CPU.ActiveCfg = Release|Any CPU
		{81E2DDD0-5E18-44C5-B148-9551BD1388D6}.Release|Any CPU.Build.0 = Release|Any CPU
		{81E2DDD0-5E18-44C5-B148-9551BD1388D6}.Release|x64.ActiveCfg = Release|Any CPU
		{81E2DDD0-5E18-44C5-B148-9551BD1388D6}.Release|x64.Build.0 = Release|Any CPU
		{81E2DDD0-5E18-44C5-B148-9551BD1388D6}.Release|x86.ActiveCfg = Release|Any CPU
		{81E2DDD0-5E18-44C5-B148-9551BD1388D6}.Release|x86.Build.0 = Release|Any CPU
		{8DDB5A68-0C30-457A-B2CC-495F6FF3849A}.Debug|Any CPU.ActiveCfg = Debug|Any CPU
		{8DDB5A68-0C30-457A-B2CC-495F6FF3849A}.Debug|Any CPU.Build.0 = Debug|Any CPU
		{8DDB5A68-0C30-457A-B2CC-495F6FF3849A}.Debug|x64.ActiveCfg = Debug|Any CPU
		{8DDB5A68-0C30-457A-B2CC-495F6FF3849A}.Debug|x64.Build.0 = Debug|Any CPU
		{8DDB5A68-0C30-457A-B2CC-495F6FF3849A}.Debug|x86.ActiveCfg = Debug|Any CPU
		{8DDB5A68-0C30-457A-B2CC-495F6FF3849A}.Debug|x86.Build.0 = Debug|Any CPU
		{8DDB5A68-0C30-457A-B2CC-495F6FF3849A}.Release|Any CPU.ActiveCfg = Release|Any CPU
		{8DDB5A68-0C30-457A-B2CC-495F6FF3849A}.Release|Any CPU.Build.0 = Release|Any CPU
		{8DDB5A68-0C30-457A-B2CC-495F6FF3849A}.Release|x64.ActiveCfg = Release|Any CPU
		{8DDB5A68-0C30-457A-B2CC-495F6FF3849A}.Release|x64.Build.0 = Release|Any CPU
		{8DDB5A68-0C30-457A-B2CC-495F6FF3849A}.Release|x86.ActiveCfg = Release|Any CPU
		{8DDB5A68-0C30-457A-B2CC-495F6FF3849A}.Release|x86.Build.0 = Release|Any CPU
		{66BF6202-0997-468E-A7D5-FC8508A49878}.Debug|Any CPU.ActiveCfg = Debug|Any CPU
		{66BF6202-0997-468E-A7D5-FC8508A49878}.Debug|Any CPU.Build.0 = Debug|Any CPU
		{66BF6202-0997-468E-A7D5-FC8508A49878}.Debug|x64.ActiveCfg = Debug|Any CPU
		{66BF6202-0997-468E-A7D5-FC8508A49878}.Debug|x64.Build.0 = Debug|Any CPU
		{66BF6202-0997-468E-A7D5-FC8508A49878}.Debug|x86.ActiveCfg = Debug|Any CPU
		{66BF6202-0997-468E-A7D5-FC8508A49878}.Debug|x86.Build.0 = Debug|Any CPU
		{66BF6202-0997-468E-A7D5-FC8508A49878}.Release|Any CPU.ActiveCfg = Release|Any CPU
		{66BF6202-0997-468E-A7D5-FC8508A49878}.Release|Any CPU.Build.0 = Release|Any CPU
		{66BF6202-0997-468E-A7D5-FC8508A49878}.Release|x64.ActiveCfg = Release|Any CPU
		{66BF6202-0997-468E-A7D5-FC8508A49878}.Release|x64.Build.0 = Release|Any CPU
		{66BF6202-0997-468E-A7D5-FC8508A49878}.Release|x86.ActiveCfg = Release|Any CPU
		{66BF6202-0997-468E-A7D5-FC8508A49878}.Release|x86.Build.0 = Release|Any CPU
	EndGlobalSection
EndGlobal
